
Microsoft Visual Studio Solution File, Format Version 12.00
# Visual Studio Version 17
VisualStudioVersion = 17.6.33513.286
MinimumVisualStudioVersion = 10.0.40219.1
Project("{FAE04EC0-301F-11D3-BF4B-00C04F79EFBC}") = "WhiskyWebscraper", "WhiskyWebscraper\WhiskyWebscraper.csproj", "{ED7CF8E8-8A4E-458C-B19F-CC712EF0B974}"
EndProject
Global
	GlobalSection(SolutionConfigurationPlatforms) = preSolution
		Debug|Any CPU = Debug|Any CPU
		Release|Any CPU = Release|Any CPU
	EndGlobalSection
	GlobalSection(ProjectConfigurationPlatforms) = postSolution
		{ED7CF8E8-8A4E-458C-B19F-CC712EF0B974}.Debug|Any CPU.ActiveCfg = Debug|Any CPU
		{ED7CF8E8-8A4E-458C-B19F-CC712EF0B974}.Debug|Any CPU.Build.0 = Debug|Any CPU
		{ED7CF8E8-8A4E-458C-B19F-CC712EF0B974}.Release|Any CPU.ActiveCfg = Release|Any CPU
		{ED7CF8E8-8A4E-458C-B19F-CC712EF0B974}.Release|Any CPU.Build.0 = Release|Any CPU
	EndGlobalSection
	GlobalSection(SolutionProperties) = preSolution
		HideSolutionNode = FALSE
	EndGlobalSection
	GlobalSection(ExtensibilityGlobals) = postSolution
		SolutionGuid = {B402ACA5-5C3A-4FDE-8B76-E6FE354BC5E9}
	EndGlobalSection
EndGlobal
